{
  "requires": true,
  "lockfileVersion": 1,
  "dependencies": {
    "esbuild": {
      "version": "0.7.19",
      "resolved": "https://registry.npmjs.org/esbuild/-/esbuild-0.7.19.tgz",
      "integrity": "sha512-0Ur8ZtuRPwJMj4+VjRLqn5z88WXf+2etZhe4dBA6eYFcdviQefb+Vrd59cTk0VXg08NU/BnAMkalCMHI8lig/A==",
      "dev": true
    }
  }
}
